// !$*UTF8*$!
{
	archiveVersion = 1;
	classes = {
	};
	objectVersion = 56;
	objects = {

/* Begin PBXBuildFile section */
		946A6CE02C806E790073D53E /* MacroFlow_PrototypeApp.swift in Sources */ = {isa = PBXBuildFile; fileRef = 946A6CDF2C806E790073D53E /* MacroFlow_PrototypeApp.swift */; };
		946A6CE22C806E790073D53E /* ContentView.swift in Sources */ = {isa = PBXBuildFile; fileRef = 946A6CE12C806E790073D53E /* ContentView.swift */; };
		946A6CE42C806E7B0073D53E /* Assets.xcassets in Resources */ = {isa = PBXBuildFile; fileRef = 946A6CE32C806E7B0073D53E /* Assets.xcassets */; };
		946A6CE72C806E7B0073D53E /* Preview Assets.xcassets in Resources */ = {isa = PBXBuildFile; fileRef = 946A6CE62C806E7B0073D53E /* Preview Assets.xcassets */; };
		946A6CF12C806E7B0073D53E /* MacroFlow_PrototypeTests.swift in Sources */ = {isa = PBXBuildFile; fileRef = 946A6CF02C806E7B0073D53E /* MacroFlow_PrototypeTests.swift */; };
		946A6CFB2C806E7B0073D53E /* MacroFlow_PrototypeUITests.swift in Sources */ = {isa = PBXBuildFile; fileRef = 946A6CFA2C806E7B0073D53E /* MacroFlow_PrototypeUITests.swift */; };
		946A6CFD2C806E7B0073D53E /* MacroFlow_PrototypeUITestsLaunchTests.swift in Sources */ = {isa = PBXBuildFile; fileRef = 946A6CFC2C806E7B0073D53E /* MacroFlow_PrototypeUITestsLaunchTests.swift */; };
		94B51D2B2C84223400D67DF6 /* TabBarButton.swift in Sources */ = {isa = PBXBuildFile; fileRef = 94B51D2A2C84223400D67DF6 /* TabBarButton.swift */; };
		94B51D2D2C8422ED00D67DF6 /* MacroProgressView.swift in Sources */ = {isa = PBXBuildFile; fileRef = 94B51D2C2C8422ED00D67DF6 /* MacroProgressView.swift */; };
		94B51D2F2C84232200D67DF6 /* DashboardView.swift in Sources */ = {isa = PBXBuildFile; fileRef = 94B51D2E2C84232200D67DF6 /* DashboardView.swift */; };
		94B51D312C84233500D67DF6 /* DiaryView.swift in Sources */ = {isa = PBXBuildFile; fileRef = 94B51D302C84233500D67DF6 /* DiaryView.swift */; };
		94B51D332C84237900D67DF6 /* DiaryEntryView.swift in Sources */ = {isa = PBXBuildFile; fileRef = 94B51D322C84237900D67DF6 /* DiaryEntryView.swift */; };
		94B51D352C84238D00D67DF6 /* ProgressScreenView.swift in Sources */ = {isa = PBXBuildFile; fileRef = 94B51D342C84238D00D67DF6 /* ProgressScreenView.swift */; };
		94B51D372C8423AD00D67DF6 /* File.swift in Sources */ = {isa = PBXBuildFile; fileRef = 94B51D362C8423AD00D67DF6 /* File.swift */; };
		94B51D392C8423C000D67DF6 /* WorkoutsView.swift in Sources */ = {isa = PBXBuildFile; fileRef = 94B51D382C8423C000D67DF6 /* WorkoutsView.swift */; };
		94B51D3C2C8425B700D67DF6 /* MoreView.swift in Sources */ = {isa = PBXBuildFile; fileRef = 94B51D3B2C8425B700D67DF6 /* MoreView.swift */; };
/* End PBXBuildFile section */

/* Begin PBXContainerItemProxy section */
		946A6CED2C806E7B0073D53E /* PBXContainerItemProxy */ = {
			isa = PBXContainerItemProxy;
			containerPortal = 946A6CD42C806E790073D53E /* Project object */;
			proxyType = 1;
			remoteGlobalIDString = 946A6CDB2C806E790073D53E;
			remoteInfo = "MacroFlow Prototype";
		};
		946A6CF72C806E7B0073D53E /* PBXContainerItemProxy */ = {
			isa = PBXContainerItemProxy;
			containerPortal = 946A6CD42C806E790073D53E /* Project object */;
			proxyType = 1;
			remoteGlobalIDString = 946A6CDB2C806E790073D53E;
			remoteInfo = "MacroFlow Prototype";
		};
/* End PBXContainerItemProxy section */

/* Begin PBXFileReference section */
		946A6CDC2C806E790073D53E /* MacroFlow Prototype.app */ = {isa = PBXFileReference; explicitFileType = wrapper.application; includeInIndex = 0; path = "MacroFlow Prototype.app"; sourceTree = BUILT_PRODUCTS_DIR; };
		946A6CDF2C806E790073D53E /* MacroFlow_PrototypeApp.swift */ = {isa = PBXFileReference; lastKnownFileType = sourcecode.swift; path = MacroFlow_PrototypeApp.swift; sourceTree = "<group>"; };
		946A6CE12C806E790073D53E /* ContentView.swift */ = {isa = PBXFileReference; lastKnownFileType = sourcecode.swift; path = ContentView.swift; sourceTree = "<group>"; };
		946A6CE32C806E7B0073D53E /* Assets.xcassets */ = {isa = PBXFileReference; lastKnownFileType = folder.assetcatalog; path = Assets.xcassets; sourceTree = "<group>"; };
		946A6CE62C806E7B0073D53E /* Preview Assets.xcassets */ = {isa = PBXFileReference; lastKnownFileType = folder.assetcatalog; path = "Preview Assets.xcassets"; sourceTree = "<group>"; };
		946A6CEC2C806E7B0073D53E /* MacroFlow PrototypeTests.xctest */ = {isa = PBXFileReference; explicitFileType = wrapper.cfbundle; includeInIndex = 0; path = "MacroFlow PrototypeTests.xctest"; sourceTree = BUILT_PRODUCTS_DIR; };
		946A6CF02C806E7B0073D53E /* MacroFlow_PrototypeTests.swift */ = {isa = PBXFileReference; lastKnownFileType = sourcecode.swift; path = MacroFlow_PrototypeTests.swift; sourceTree = "<group>"; };
		946A6CF62C806E7B0073D53E /* MacroFlow PrototypeUITests.xctest */ = {isa = PBXFileReference; explicitFileType = wrapper.cfbundle; includeInIndex = 0; path = "MacroFlow PrototypeUITests.xctest"; sourceTree = BUILT_PRODUCTS_DIR; };
		946A6CFA2C806E7B0073D53E /* MacroFlow_PrototypeUITests.swift */ = {isa = PBXFileReference; lastKnownFileType = sourcecode.swift; path = MacroFlow_PrototypeUITests.swift; sourceTree = "<group>"; };
		946A6CFC2C806E7B0073D53E /* MacroFlow_PrototypeUITestsLaunchTests.swift */ = {isa = PBXFileReference; lastKnownFileType = sourcecode.swift; path = MacroFlow_PrototypeUITestsLaunchTests.swift; sourceTree = "<group>"; };
		94B51D2A2C84223400D67DF6 /* TabBarButton.swift */ = {isa = PBXFileReference; lastKnownFileType = sourcecode.swift; path = TabBarButton.swift; sourceTree = "<group>"; };
		94B51D2C2C8422ED00D67DF6 /* MacroProgressView.swift */ = {isa = PBXFileReference; lastKnownFileType = sourcecode.swift; path = MacroProgressView.swift; sourceTree = "<group>"; };
		94B51D2E2C84232200D67DF6 /* DashboardView.swift */ = {isa = PBXFileReference; lastKnownFileType = sourcecode.swift; path = DashboardView.swift; sourceTree = "<group>"; };
		94B51D302C84233500D67DF6 /* DiaryView.swift */ = {isa = PBXFileReference; lastKnownFileType = sourcecode.swift; path = DiaryView.swift; sourceTree = "<group>"; };
		94B51D322C84237900D67DF6 /* DiaryEntryView.swift */ = {isa = PBXFileReference; lastKnownFileType = sourcecode.swift; path = DiaryEntryView.swift; sourceTree = "<group>"; };
		94B51D342C84238D00D67DF6 /* ProgressScreenView.swift */ = {isa = PBXFileReference; lastKnownFileType = sourcecode.swift; path = ProgressScreenView.swift; sourceTree = "<group>"; };
		94B51D362C8423AD00D67DF6 /* File.swift */ = {isa = PBXFileReference; lastKnownFileType = sourcecode.swift; path = File.swift; sourceTree = "<group>"; };
		94B51D382C8423C000D67DF6 /* WorkoutsView.swift */ = {isa = PBXFileReference; lastKnownFileType = sourcecode.swift; path = WorkoutsView.swift; sourceTree = "<group>"; };
		94B51D3B2C8425B700D67DF6 /* MoreView.swift */ = {isa = PBXFileReference; lastKnownFileType = sourcecode.swift; path = MoreView.swift; sourceTree = "<group>"; };
/* End PBXFileReference section */

/* Begin PBXFrameworksBuildPhase section */
		946A6CD92C806E790073D53E /* Frameworks */ = {
			isa = PBXFrameworksBuildPhase;
			buildActionMask = 2147483647;
			files = (
			);
			runOnlyForDeploymentPostprocessing = 0;
		};
		946A6CE92C806E7B0073D53E /* Frameworks */ = {
			isa = PBXFrameworksBuildPhase;
			buildActionMask = 2147483647;
			files = (
			);
			runOnlyForDeploymentPostprocessing = 0;
		};
		946A6CF32C806E7B0073D53E /* Frameworks */ = {
			isa = PBXFrameworksBuildPhase;
			buildActionMask = 2147483647;
			files = (
			);
			runOnlyForDeploymentPostprocessing = 0;
		};
/* End PBXFrameworksBuildPhase section */

/* Begin PBXGroup section */
		946A6CD32C806E790073D53E = {
			isa = PBXGroup;
			children = (
				946A6CDE2C806E790073D53E /* MacroFlow Prototype */,
				946A6CEF2C806E7B0073D53E /* MacroFlow PrototypeTests */,
				946A6CF92C806E7B0073D53E /* MacroFlow PrototypeUITests */,
				946A6CDD2C806E790073D53E /* Products */,
			);
			sourceTree = "<group>";
		};
		946A6CDD2C806E790073D53E /* Products */ = {
			isa = PBXGroup;
			children = (
				946A6CDC2C806E790073D53E /* MacroFlow Prototype.app */,
				946A6CEC2C806E7B0073D53E /* MacroFlow PrototypeTests.xctest */,
				946A6CF62C806E7B0073D53E /* MacroFlow PrototypeUITests.xctest */,
			);
			name = Products;
			sourceTree = "<group>";
		};
		946A6CDE2C806E790073D53E /* MacroFlow Prototype */ = {
			isa = PBXGroup;
			children = (
				946A6CDF2C806E790073D53E /* MacroFlow_PrototypeApp.swift */,
				946A6CE12C806E790073D53E /* ContentView.swift */,
				94B51D272C84210C00D67DF6 /* Components */,
				94B51D282C84213900D67DF6 /* Views */,
				946A6CE52C806E7B0073D53E /* Preview Content */,
				94B51D292C84217B00D67DF6 /* Resources */,
			);
			path = "MacroFlow Prototype";
			sourceTree = "<group>";
		};
		946A6CE52C806E7B0073D53E /* Preview Content */ = {
			isa = PBXGroup;
			children = (
				946A6CE62C806E7B0073D53E /* Preview Assets.xcassets */,
			);
			path = "Preview Content";
			sourceTree = "<group>";
		};
		946A6CEF2C806E7B0073D53E /* MacroFlow PrototypeTests */ = {
			isa = PBXGroup;
			children = (
				946A6CF02C806E7B0073D53E /* MacroFlow_PrototypeTests.swift */,
			);
			path = "MacroFlow PrototypeTests";
			sourceTree = "<group>";
		};
		946A6CF92C806E7B0073D53E /* MacroFlow PrototypeUITests */ = {
			isa = PBXGroup;
			children = (
				946A6CFA2C806E7B0073D53E /* MacroFlow_PrototypeUITests.swift */,
				946A6CFC2C806E7B0073D53E /* MacroFlow_PrototypeUITestsLaunchTests.swift */,
			);
			path = "MacroFlow PrototypeUITests";
			sourceTree = "<group>";
		};
		94B51D272C84210C00D67DF6 /* Components */ = {
			isa = PBXGroup;
			children = (
				94B51D2A2C84223400D67DF6 /* TabBarButton.swift */,
				94B51D2C2C8422ED00D67DF6 /* MacroProgressView.swift */,
				94B51D322C84237900D67DF6 /* DiaryEntryView.swift */,
				94B51D362C8423AD00D67DF6 /* File.swift */,
			);
			path = Components;
			sourceTree = "<group>";
		};
		94B51D282C84213900D67DF6 /* Views */ = {
			isa = PBXGroup;
			children = (
				94B51D2E2C84232200D67DF6 /* DashboardView.swift */,
				94B51D302C84233500D67DF6 /* DiaryView.swift */,
				94B51D342C84238D00D67DF6 /* ProgressScreenView.swift */,
				94B51D382C8423C000D67DF6 /* WorkoutsView.swift */,
				94B51D3B2C8425B700D67DF6 /* MoreView.swift */,
			);
			path = Views;
			sourceTree = "<group>";
		};
		94B51D292C84217B00D67DF6 /* Resources */ = {
			isa = PBXGroup;
			children = (
				946A6CE32C806E7B0073D53E /* Assets.xcassets */,
			);
			path = Resources;
			sourceTree = "<group>";
		};
/* End PBXGroup section */

/* Begin PBXNativeTarget section */
		946A6CDB2C806E790073D53E /* MacroFlow Prototype */ = {
			isa = PBXNativeTarget;
			buildConfigurationList = 946A6D002C806E7B0073D53E /* Build configuration list for PBXNativeTarget "MacroFlow Prototype" */;
			buildPhases = (
				946A6CD82C806E790073D53E /* Sources */,
				946A6CD92C806E790073D53E /* Frameworks */,
				946A6CDA2C806E790073D53E /* Resources */,
			);
			buildRules = (
			);
			dependencies = (
			);
			name = "MacroFlow Prototype";
			productName = "MacroFlow Prototype";
			productReference = 946A6CDC2C806E790073D53E /* MacroFlow Prototype.app */;
			productType = "com.apple.product-type.application";
		};
		946A6CEB2C806E7B0073D53E /* MacroFlow PrototypeTests */ = {
			isa = PBXNativeTarget;
			buildConfigurationList = 946A6D032C806E7B0073D53E /* Build configuration list for PBXNativeTarget "MacroFlow PrototypeTests" */;
			buildPhases = (
				946A6CE82C806E7B0073D53E /* Sources */,
				946A6CE92C806E7B0073D53E /* Frameworks */,
				946A6CEA2C806E7B0073D53E /* Resources */,
			);
			buildRules = (
			);
			dependencies = (
				946A6CEE2C806E7B0073D53E /* PBXTargetDependency */,
			);
			name = "MacroFlow PrototypeTests";
			productName = "MacroFlow PrototypeTests";
			productReference = 946A6CEC2C806E7B0073D53E /* MacroFlow PrototypeTests.xctest */;
			productType = "com.apple.product-type.bundle.unit-test";
		};
		946A6CF52C806E7B0073D53E /* MacroFlow PrototypeUITests */ = {
			isa = PBXNativeTarget;
			buildConfigurationList = 946A6D062C806E7B0073D53E /* Build configuration list for PBXNativeTarget "MacroFlow PrototypeUITests" */;
			buildPhases = (
				946A6CF22C806E7B0073D53E /* Sources */,
				946A6CF32C806E7B0073D53E /* Frameworks */,
				946A6CF42C806E7B0073D53E /* Resources */,
			);
			buildRules = (
			);
			dependencies = (
				946A6CF82C806E7B0073D53E /* PBXTargetDependency */,
			);
			name = "MacroFlow PrototypeUITests";
			productName = "MacroFlow PrototypeUITests";
			productReference = 946A6CF62C806E7B0073D53E /* MacroFlow PrototypeUITests.xctest */;
			productType = "com.apple.product-type.bundle.ui-testing";
		};
/* End PBXNativeTarget section */

/* Begin PBXProject section */
		946A6CD42C806E790073D53E /* Project object */ = {
			isa = PBXProject;
			attributes = {
				BuildIndependentTargetsInParallel = 1;
				LastSwiftUpdateCheck = 1540;
				LastUpgradeCheck = 1540;
				TargetAttributes = {
					946A6CDB2C806E790073D53E = {
						CreatedOnToolsVersion = 15.4;
					};
					946A6CEB2C806E7B0073D53E = {
						CreatedOnToolsVersion = 15.4;
						TestTargetID = 946A6CDB2C806E790073D53E;
					};
					946A6CF52C806E7B0073D53E = {
						CreatedOnToolsVersion = 15.4;
						TestTargetID = 946A6CDB2C806E790073D53E;
					};
				};
			};
			buildConfigurationList = 946A6CD72C806E790073D53E /* Build configuration list for PBXProject "MacroFlow Prototype" */;
			compatibilityVersion = "Xcode 14.0";
			developmentRegion = en;
			hasScannedForEncodings = 0;
			knownRegions = (
				en,
				Base,
			);
			mainGroup = 946A6CD32C806E790073D53E;
			productRefGroup = 946A6CDD2C806E790073D53E /* Products */;
			projectDirPath = "";
			projectRoot = "";
			targets = (
				946A6CDB2C806E790073D53E /* MacroFlow Prototype */,
				946A6CEB2C806E7B0073D53E /* MacroFlow PrototypeTests */,
				946A6CF52C806E7B0073D53E /* MacroFlow PrototypeUITests */,
			);
		};
/* End PBXProject section */

/* Begin PBXResourcesBuildPhase section */
		946A6CDA2C806E790073D53E /* Resources */ = {
			isa = PBXResourcesBuildPhase;
			buildActionMask = 2147483647;
			files = (
				946A6CE72C806E7B0073D53E /* Preview Assets.xcassets in Resources */,
				946A6CE42C806E7B0073D53E /* Assets.xcassets in Resources */,
			);
			runOnlyForDeploymentPostprocessing = 0;
		};
		946A6CEA2C806E7B0073D53E /* Resources */ = {
			isa = PBXResourcesBuildPhase;
			buildActionMask = 2147483647;
			files = (
			);
			runOnlyForDeploymentPostprocessing = 0;
		};
		946A6CF42C806E7B0073D53E /* Resources */ = {
			isa = PBXResourcesBuildPhase;
			buildActionMask = 2147483647;
			files = (
			);
			runOnlyForDeploymentPostprocessing = 0;
		};
/* End PBXResourcesBuildPhase section */

/* Begin PBXSourcesBuildPhase section */
		946A6CD82C806E790073D53E /* Sources */ = {
			isa = PBXSourcesBuildPhase;
			buildActionMask = 2147483647;
			files = (
				94B51D2D2C8422ED00D67DF6 /* MacroProgressView.swift in Sources */,
				946A6CE22C806E790073D53E /* ContentView.swift in Sources */,
				94B51D352C84238D00D67DF6 /* ProgressScreenView.swift in Sources */,
				94B51D312C84233500D67DF6 /* DiaryView.swift in Sources */,
				94B51D2F2C84232200D67DF6 /* DashboardView.swift in Sources */,
				946A6CE02C806E790073D53E /* MacroFlow_PrototypeApp.swift in Sources */,
				94B51D392C8423C000D67DF6 /* WorkoutsView.swift in Sources */,
				94B51D332C84237900D67DF6 /* DiaryEntryView.swift in Sources */,
				94B51D372C8423AD00D67DF6 /* File.swift in Sources */,
				94B51D3C2C8425B700D67DF6 /* MoreView.swift in Sources */,
				94B51D2B2C84223400D67DF6 /* TabBarButton.swift in Sources */,
			);
			runOnlyForDeploymentPostprocessing = 0;
		};
		946A6CE82C806E7B0073D53E /* Sources */ = {
			isa = PBXSourcesBuildPhase;
			buildActionMask = 2147483647;
			files = (
				946A6CF12C806E7B0073D53E /* MacroFlow_PrototypeTests.swift in Sources */,
			);
			runOnlyForDeploymentPostprocessing = 0;
		};
		946A6CF22C806E7B0073D53E /* Sources */ = {
			isa = PBXSourcesBuildPhase;
			buildActionMask = 2147483647;
			files = (
				946A6CFD2C806E7B0073D53E /* MacroFlow_PrototypeUITestsLaunchTests.swift in Sources */,
				946A6CFB2C806E7B0073D53E /* MacroFlow_PrototypeUITests.swift in Sources */,
			);
			runOnlyForDeploymentPostprocessing = 0;
		};
/* End PBXSourcesBuildPhase section */

/* Begin PBXTargetDependency section */
		946A6CEE2C806E7B0073D53E /* PBXTargetDependency */ = {
			isa = PBXTargetDependency;
			target = 946A6CDB2C806E790073D53E /* MacroFlow Prototype */;
			targetProxy = 946A6CED2C806E7B0073D53E /* PBXContainerItemProxy */;
		};
		946A6CF82C806E7B0073D53E /* PBXTargetDependency */ = {
			isa = PBXTargetDependency;
			target = 946A6CDB2C806E790073D53E /* MacroFlow Prototype */;
			targetProxy = 946A6CF72C806E7B0073D53E /* PBXContainerItemProxy */;
		};
/* End PBXTargetDependency section */

/* Begin XCBuildConfiguration section */
		946A6CFE2C806E7B0073D53E /* Debug */ = {
			isa = XCBuildConfiguration;
			buildSettings = {
				ALWAYS_SEARCH_USER_PATHS = NO;
				ASSETCATALOG_COMPILER_GENERATE_SWIFT_ASSET_SYMBOL_EXTENSIONS = YES;
				CLANG_ANALYZER_NONNULL = YES;
				CLANG_ANALYZER_NUMBER_OBJECT_CONVERSION = YES_AGGRESSIVE;
				CLANG_CXX_LANGUAGE_STANDARD = "gnu++20";
				CLANG_ENABLE_MODULES = YES;
				CLANG_ENABLE_OBJC_ARC = YES;
				CLANG_ENABLE_OBJC_WEAK = YES;
				CLANG_WARN_BLOCK_CAPTURE_AUTORELEASING = YES;
				CLANG_WARN_BOOL_CONVERSION = YES;
				CLANG_WARN_COMMA = YES;
				CLANG_WARN_CONSTANT_CONVERSION = YES;
				CLANG_WARN_DEPRECATED_OBJC_IMPLEMENTATIONS = YES;
				CLANG_WARN_DIRECT_OBJC_ISA_USAGE = YES_ERROR;
				CLANG_WARN_DOCUMENTATION_COMMENTS = YES;
				CLANG_WARN_EMPTY_BODY = YES;
				CLANG_WARN_ENUM_CONVERSION = YES;
				CLANG_WARN_INFINITE_RECURSION = YES;
				CLANG_WARN_INT_CONVERSION = YES;
				CLANG_WARN_NON_LITERAL_NULL_CONVERSION = YES;
				CLANG_WARN_OBJC_IMPLICIT_RETAIN_SELF = YES;
				CLANG_WARN_OBJC_LITERAL_CONVERSION = YES;
				CLANG_WARN_OBJC_ROOT_CLASS = YES_ERROR;
				CLANG_WARN_QUOTED_INCLUDE_IN_FRAMEWORK_HEADER = YES;
				CLANG_WARN_RANGE_LOOP_ANALYSIS = YES;
				CLANG_WARN_STRICT_PROTOTYPES = YES;
				CLANG_WARN_SUSPICIOUS_MOVE = YES;
				CLANG_WARN_UNGUARDED_AVAILABILITY = YES_AGGRESSIVE;
				CLANG_WARN_UNREACHABLE_CODE = YES;
				CLANG_WARN__DUPLICATE_METHOD_MATCH = YES;
				COPY_PHASE_STRIP = NO;
				DEBUG_INFORMATION_FORMAT = dwarf;
				ENABLE_STRICT_OBJC_MSGSEND = YES;
				ENABLE_TESTABILITY = YES;
				ENABLE_USER_SCRIPT_SANDBOXING = YES;
				GCC_C_LANGUAGE_STANDARD = gnu17;
				GCC_DYNAMIC_NO_PIC = NO;
				GCC_NO_COMMON_BLOCKS = YES;
				GCC_OPTIMIZATION_LEVEL = 0;
				GCC_PREPROCESSOR_DEFINITIONS = (
					"DEBUG=1",
					"$(inherited)",
				);
				GCC_WARN_64_TO_32_BIT_CONVERSION = YES;
				GCC_WARN_ABOUT_RETURN_TYPE = YES_ERROR;
				GCC_WARN_UNDECLARED_SELECTOR = YES;
				GCC_WARN_UNINITIALIZED_AUTOS = YES_AGGRESSIVE;
				GCC_WARN_UNUSED_FUNCTION = YES;
				GCC_WARN_UNUSED_VARIABLE = YES;
				IPHONEOS_DEPLOYMENT_TARGET = 17.5;
				LOCALIZATION_PREFERS_STRING_CATALOGS = YES;
				MTL_ENABLE_DEBUG_INFO = INCLUDE_SOURCE;
				MTL_FAST_MATH = YES;
				ONLY_ACTIVE_ARCH = YES;
				SDKROOT = iphoneos;
				SWIFT_ACTIVE_COMPILATION_CONDITIONS = "DEBUG $(inherited)";
				SWIFT_OPTIMIZATION_LEVEL = "-Onone";
			};
			name = Debug;
		};
		946A6CFF2C806E7B0073D53E /* Release */ = {
			isa = XCBuildConfiguration;
			buildSettings = {
				ALWAYS_SEARCH_USER_PATHS = NO;
				ASSETCATALOG_COMPILER_GENERATE_SWIFT_ASSET_SYMBOL_EXTENSIONS = YES;
				CLANG_ANALYZER_NONNULL = YES;
				CLANG_ANALYZER_NUMBER_OBJECT_CONVERSION = YES_AGGRESSIVE;
				CLANG_CXX_LANGUAGE_STANDARD = "gnu++20";
				CLANG_ENABLE_MODULES = YES;
				CLANG_ENABLE_OBJC_ARC = YES;
				CLANG_ENABLE_OBJC_WEAK = YES;
				CLANG_WARN_BLOCK_CAPTURE_AUTORELEASING = YES;
				CLANG_WARN_BOOL_CONVERSION = YES;
				CLANG_WARN_COMMA = YES;
				CLANG_WARN_CONSTANT_CONVERSION = YES;
				CLANG_WARN_DEPRECATED_OBJC_IMPLEMENTATIONS = YES;
				CLANG_WARN_DIRECT_OBJC_ISA_USAGE = YES_ERROR;
				CLANG_WARN_DOCUMENTATION_COMMENTS = YES;
				CLANG_WARN_EMPTY_BODY = YES;
				CLANG_WARN_ENUM_CONVERSION = YES;
				CLANG_WARN_INFINITE_RECURSION = YES;
				CLANG_WARN_INT_CONVERSION = YES;
				CLANG_WARN_NON_LITERAL_NULL_CONVERSION = YES;
				CLANG_WARN_OBJC_IMPLICIT_RETAIN_SELF = YES;
				CLANG_WARN_OBJC_LITERAL_CONVERSION = YES;
				CLANG_WARN_OBJC_ROOT_CLASS = YES_ERROR;
				CLANG_WARN_QUOTED_INCLUDE_IN_FRAMEWORK_HEADER = YES;
				CLANG_WARN_RANGE_LOOP_ANALYSIS = YES;
				CLANG_WARN_STRICT_PROTOTYPES = YES;
				CLANG_WARN_SUSPICIOUS_MOVE = YES;
				CLANG_WARN_UNGUARDED_AVAILABILITY = YES_AGGRESSIVE;
				CLANG_WARN_UNREACHABLE_CODE = YES;
				CLANG_WARN__DUPLICATE_METHOD_MATCH = YES;
				COPY_PHASE_STRIP = NO;
				DEBUG_INFORMATION_FORMAT = "dwarf-with-dsym";
				ENABLE_NS_ASSERTIONS = NO;
				ENABLE_STRICT_OBJC_MSGSEND = YES;
				ENABLE_USER_SCRIPT_SANDBOXING = YES;
				GCC_C_LANGUAGE_STANDARD = gnu17;
				GCC_NO_COMMON_BLOCKS = YES;
				GCC_WARN_64_TO_32_BIT_CONVERSION = YES;
				GCC_WARN_ABOUT_RETURN_TYPE = YES_ERROR;
				GCC_WARN_UNDECLARED_SELECTOR = YES;
				GCC_WARN_UNINITIALIZED_AUTOS = YES_AGGRESSIVE;
				GCC_WARN_UNUSED_FUNCTION = YES;
				GCC_WARN_UNUSED_VARIABLE = YES;
				IPHONEOS_DEPLOYMENT_TARGET = 17.5;
				LOCALIZATION_PREFERS_STRING_CATALOGS = YES;
				MTL_ENABLE_DEBUG_INFO = NO;
				MTL_FAST_MATH = YES;
				SDKROOT = iphoneos;
				SWIFT_COMPILATION_MODE = wholemodule;
				VALIDATE_PRODUCT = YES;
			};
			name = Release;
		};
		946A6D012C806E7B0073D53E /* Debug */ = {
			isa = XCBuildConfiguration;
			buildSettings = {
				ASSETCATALOG_COMPILER_APPICON_NAME = AppIcon;
				ASSETCATALOG_COMPILER_GLOBAL_ACCENT_COLOR_NAME = AccentColor;
				CODE_SIGN_STYLE = Automatic;
				CURRENT_PROJECT_VERSION = 1;
				DEVELOPMENT_ASSET_PATHS = "\"MacroFlow Prototype/Preview Content\"";
				ENABLE_PREVIEWS = YES;
				GENERATE_INFOPLIST_FILE = YES;
				INFOPLIST_KEY_UIApplicationSceneManifest_Generation = YES;
				INFOPLIST_KEY_UIApplicationSupportsIndirectInputEvents = YES;
				INFOPLIST_KEY_UILaunchScreen_Generation = YES;
				INFOPLIST_KEY_UISupportedInterfaceOrientations_iPad = "UIInterfaceOrientationPortrait UIInterfaceOrientationPortraitUpsideDown UIInterfaceOrientationLandscapeLeft UIInterfaceOrientationLandscapeRight";
				INFOPLIST_KEY_UISupportedInterfaceOrientations_iPhone = "UIInterfaceOrientationPortrait UIInterfaceOrientationLandscapeLeft UIInterfaceOrientationLandscapeRight";
				LD_RUNPATH_SEARCH_PATHS = (
					"$(inherited)",
					"@executable_path/Frameworks",
				);
				MARKETING_VERSION = 1.0;
				PRODUCT_BUNDLE_IDENTIFIER = "none.MacroFlow-Prototype";
				PRODUCT_NAME = "$(TARGET_NAME)";
				SWIFT_EMIT_LOC_STRINGS = YES;
				SWIFT_VERSION = 5.0;
				TARGETED_DEVICE_FAMILY = "1,2";
			};
			name = Debug;
		};
		946A6D022C806E7B0073D53E /* Release */ = {
			isa = XCBuildConfiguration;
			buildSettings = {
				ASSETCATALOG_COMPILER_APPICON_NAME = AppIcon;
				ASSETCATALOG_COMPILER_GLOBAL_ACCENT_COLOR_NAME = AccentColor;
				CODE_SIGN_STYLE = Automatic;
				CURRENT_PROJECT_VERSION = 1;
				DEVELOPMENT_ASSET_PATHS = "\"MacroFlow Prototype/Preview Content\"";
				ENABLE_PREVIEWS = YES;
				GENERATE_INFOPLIST_FILE = YES;
				INFOPLIST_KEY_UIApplicationSceneManifest_Generation = YES;
				INFOPLIST_KEY_UIApplicationSupportsIndirectInputEvents = YES;
				INFOPLIST_KEY_UILaunchScreen_Generation = YES;
				INFOPLIST_KEY_UISupportedInterfaceOrientations_iPad = "UIInterfaceOrientationPortrait UIInterfaceOrientationPortraitUpsideDown UIInterfaceOrientationLandscapeLeft UIInterfaceOrientationLandscapeRight";
				INFOPLIST_KEY_UISupportedInterfaceOrientations_iPhone = "UIInterfaceOrientationPortrait UIInterfaceOrientationLandscapeLeft UIInterfaceOrientationLandscapeRight";
				LD_RUNPATH_SEARCH_PATHS = (
					"$(inherited)",
					"@executable_path/Frameworks",
				);
				MARKETING_VERSION = 1.0;
				PRODUCT_BUNDLE_IDENTIFIER = "none.MacroFlow-Prototype";
				PRODUCT_NAME = "$(TARGET_NAME)";
				SWIFT_EMIT_LOC_STRINGS = YES;
				SWIFT_VERSION = 5.0;
				TARGETED_DEVICE_FAMILY = "1,2";
			};
			name = Release;
		};
		946A6D042C806E7B0073D53E /* Debug */ = {
			isa = XCBuildConfiguration;
			buildSettings = {
				ALWAYS_EMBED_SWIFT_STANDARD_LIBRARIES = YES;
				BUNDLE_LOADER = "$(TEST_HOST)";
				CODE_SIGN_STYLE = Automatic;
				CURRENT_PROJECT_VERSION = 1;
				GENERATE_INFOPLIST_FILE = YES;
				IPHONEOS_DEPLOYMENT_TARGET = 17.5;
				MARKETING_VERSION = 1.0;
				PRODUCT_BUNDLE_IDENTIFIER = "none.MacroFlow-PrototypeTests";
				PRODUCT_NAME = "$(TARGET_NAME)";
				SWIFT_EMIT_LOC_STRINGS = NO;
				SWIFT_VERSION = 5.0;
				TARGETED_DEVICE_FAMILY = "1,2";
				TEST_HOST = "$(BUILT_PRODUCTS_DIR)/MacroFlow Prototype.app/$(BUNDLE_EXECUTABLE_FOLDER_PATH)/MacroFlow Prototype";
			};
			name = Debug;
		};
		946A6D052C806E7B0073D53E /* Release */ = {
			isa = XCBuildConfiguration;
			buildSettings = {
				ALWAYS_EMBED_SWIFT_STANDARD_LIBRARIES = YES;
				BUNDLE_LOADER = "$(TEST_HOST)";
				CODE_SIGN_STYLE = Automatic;
				CURRENT_PROJECT_VERSION = 1;
				GENERATE_INFOPLIST_FILE = YES;
				IPHONEOS_DEPLOYMENT_TARGET = 17.5;
				MARKETING_VERSION = 1.0;
				PRODUCT_BUNDLE_IDENTIFIER = "none.MacroFlow-PrototypeTests";
				PRODUCT_NAME = "$(TARGET_NAME)";
				SWIFT_EMIT_LOC_STRINGS = NO;
				SWIFT_VERSION = 5.0;
				TARGETED_DEVICE_FAMILY = "1,2";
				TEST_HOST = "$(BUILT_PRODUCTS_DIR)/MacroFlow Prototype.app/$(BUNDLE_EXECUTABLE_FOLDER_PATH)/MacroFlow Prototype";
			};
			name = Release;
		};
		946A6D072C806E7B0073D53E /* Debug */ = {
			isa = XCBuildConfiguration;
			buildSettings = {
				ALWAYS_EMBED_SWIFT_STANDARD_LIBRARIES = YES;
				CODE_SIGN_STYLE = Automatic;
				CURRENT_PROJECT_VERSION = 1;
				GENERATE_INFOPLIST_FILE = YES;
				MARKETING_VERSION = 1.0;
				PRODUCT_BUNDLE_IDENTIFIER = "none.MacroFlow-PrototypeUITests";
				PRODUCT_NAME = "$(TARGET_NAME)";
				SWIFT_EMIT_LOC_STRINGS = NO;
				SWIFT_VERSION = 5.0;
				TARGETED_DEVICE_FAMILY = "1,2";
				TEST_TARGET_NAME = "MacroFlow Prototype";
			};
			name = Debug;
		};
		946A6D082C806E7B0073D53E /* Release */ = {
			isa = XCBuildConfiguration;
			buildSettings = {
				ALWAYS_EMBED_SWIFT_STANDARD_LIBRARIES = YES;
				CODE_SIGN_STYLE = Automatic;
				CURRENT_PROJECT_VERSION = 1;
				GENERATE_INFOPLIST_FILE = YES;
				MARKETING_VERSION = 1.0;
				PRODUCT_BUNDLE_IDENTIFIER = "none.MacroFlow-PrototypeUITests";
				PRODUCT_NAME = "$(TARGET_NAME)";
				SWIFT_EMIT_LOC_STRINGS = NO;
				SWIFT_VERSION = 5.0;
				TARGETED_DEVICE_FAMILY = "1,2";
				TEST_TARGET_NAME = "MacroFlow Prototype";
			};
			name = Release;
		};
/* End XCBuildConfiguration section */

/* Begin XCConfigurationList section */
		946A6CD72C806E790073D53E /* Build configuration list for PBXProject "MacroFlow Prototype" */ = {
			isa = XCConfigurationList;
			buildConfigurations = (
				946A6CFE2C806E7B0073D53E /* Debug */,
				946A6CFF2C806E7B0073D53E /* Release */,
			);
			defaultConfigurationIsVisible = 0;
			defaultConfigurationName = Release;
		};
		946A6D002C806E7B0073D53E /* Build configuration list for PBXNativeTarget "MacroFlow Prototype" */ = {
			isa = XCConfigurationList;
			buildConfigurations = (
				946A6D012C806E7B0073D53E /* Debug */,
				946A6D022C806E7B0073D53E /* Release */,
			);
			defaultConfigurationIsVisible = 0;
			defaultConfigurationName = Release;
		};
		946A6D032C806E7B0073D53E /* Build configuration list for PBXNativeTarget "MacroFlow PrototypeTests" */ = {
			isa = XCConfigurationList;
			buildConfigurations = (
				946A6D042C806E7B0073D53E /* Debug */,
				946A6D052C806E7B0073D53E /* Release */,
			);
			defaultConfigurationIsVisible = 0;
			defaultConfigurationName = Release;
		};
		946A6D062C806E7B0073D53E /* Build configuration list for PBXNativeTarget "MacroFlow PrototypeUITests" */ = {
			isa = XCConfigurationList;
			buildConfigurations = (
				946A6D072C806E7B0073D53E /* Debug */,
				946A6D082C806E7B0073D53E /* Release */,
			);
			defaultConfigurationIsVisible = 0;
			defaultConfigurationName = Release;
		};
/* End XCConfigurationList section */
	};
	rootObject = 946A6CD42C806E790073D53E /* Project object */;
}
